<?xml version="1.0" encoding="utf-8"?>
<Project ToolsVersion="4.0" xmlns="http://schemas.microsoft.com/developer/msbuild/2003">
  <ItemGroup>
    <Filter Include="源文件">
      <UniqueIdentifier>{4FC737F1-C7A5-4376-A066-2A32D752A2FF}</UniqueIdentifier>
      <Extensions>cpp;c;cc;cxx;def;odl;idl;hpj;bat;asm;asmx</Extensions>
    </Filter>
    <Filter Include="头文件">
      <UniqueIdentifier>{93995380-89BD-4b04-88EB-625FBE52EBFB}</UniqueIdentifier>
      <Extensions>h;hh;hpp;hxx;hm;inl;inc;ipp;xsd</Extensions>
    </Filter>
    <Filter Include="资源文件">
      <UniqueIdentifier>{67DA6AB6-F800-4c08-8B7A-83BB121AAD01}</UniqueIdentifier>
      <Extensions>rc;ico;cur;bmp;dlg;rc2;rct;bin;rgs;gif;jpg;jpeg;jpe;resx;tiff;tif;png;wav;mfcribbon-ms</Extensions>
    </Filter>
    <Filter Include="源文件\Unit">
      <UniqueIdentifier>{63ecb728-7ad7-4d81-8c19-292057720612}</UniqueIdentifier>
    </Filter>
    <Filter Include="源文件\Manager">
      <UniqueIdentifier>{ad206811-543f-4718-b763-3581d4ec2d1b}</UniqueIdentifier>
    </Filter>
    <Filter Include="源文件\Game">
      <UniqueIdentifier>{aea399be-34aa-4975-bbad-9d6f7227ec67}</UniqueIdentifier>
    </Filter>
    <Filter Include="源文件\Effect">
      <UniqueIdentifier>{2e020f88-2d59-42c5-abeb-ceb778b80c61}</UniqueIdentifier>
    </Filter>
    <Filter Include="头文件\Unit">
      <UniqueIdentifier>{98606472-d3eb-48c3-8b7a-f22ae1817ef4}</UniqueIdentifier>
    </Filter>
  </ItemGroup>
  <ItemGroup>
    <ClInclude Include="pch.h">
      <Filter>头文件</Filter>
    </ClInclude>
    <ClInclude Include="config.h">
      <Filter>头文件</Filter>
    </ClInclude>
    <ClInclude Include="define.h">
      <Filter>头文件</Filter>
    </ClInclude>
    <ClInclude Include="global.h">
      <Filter>头文件</Filter>
    </ClInclude>
    <ClInclude Include="struct.h">
      <Filter>头文件</Filter>
    </ClInclude>
    <ClInclude Include="Manager.h">
      <Filter>头文件</Filter>
    </ClInclude>
    <ClInclude Include="Script.h">
      <Filter>头文件</Filter>
    </ClInclude>
    <ClInclude Include="Emitter.h">
      <Filter>头文件</Filter>
    </ClInclude>
    <ClInclude Include="Sound.h">
      <Filter>头文件</Filter>
    </ClInclude>
    <ClInclude Include="Collider.h">
      <Filter>头文件</Filter>
    </ClInclude>
    <ClInclude Include="Environment.h">
      <Filter>头文件</Filter>
    </ClInclude>
    <ClInclude Include="Tools.h">
      <Filter>头文件</Filter>
    </ClInclude>
    <ClInclude Include="Bullet.h">
      <Filter>头文件\Unit</Filter>
    </ClInclude>
    <ClInclude Include="Player.h">
      <Filter>头文件\Unit</Filter>
    </ClInclude>
    <ClInclude Include="Enemy.h">
      <Filter>头文件\Unit</Filter>
    </ClInclude>
    <ClInclude Include="Unit.h">
      <Filter>头文件\Unit</Filter>
    </ClInclude>
    <ClInclude Include="Effect.h">
      <Filter>头文件</Filter>
    </ClInclude>
  </ItemGroup>
  <ItemGroup>
    <ClCompile Include="pch.cpp">
      <Filter>源文件</Filter>
    </ClCompile>
    <ClCompile Include="config.cpp">
      <Filter>源文件</Filter>
    </ClCompile>
    <ClCompile Include="Enemy_pattern.cpp">
      <Filter>源文件</Filter>
    </ClCompile>
    <ClCompile Include="Script.cpp">
      <Filter>源文件</Filter>
    </ClCompile>
    <ClCompile Include="Emitter.cpp">
      <Filter>源文件</Filter>
    </ClCompile>
    <ClCompile Include="Emitter_barrage.cpp">
      <Filter>源文件</Filter>
    </ClCompile>
    <ClCompile Include="FPS.cpp">
      <Filter>源文件</Filter>
    </ClCompile>
    <ClCompile Include="Sound.cpp">
      <Filter>源文件</Filter>
    </ClCompile>
    <ClCompile Include="Collider.cpp">
      <Filter>源文件</Filter>
    </ClCompile>
    <ClCompile Include="Environment.cpp">
      <Filter>源文件</Filter>
    </ClCompile>
    <ClCompile Include="Bullet.cpp">
      <Filter>源文件\Unit</Filter>
    </ClCompile>
    <ClCompile Include="Enemy.cpp">
      <Filter>源文件\Unit</Filter>
    </ClCompile>
    <ClCompile Include="Player.cpp">
      <Filter>源文件\Unit</Filter>
    </ClCompile>
    <ClCompile Include="Unit.cpp">
      <Filter>源文件\Unit</Filter>
    </ClCompile>
    <ClCompile Include="BulletManager.cpp">
      <Filter>源文件\Manager</Filter>
    </ClCompile>
    <ClCompile Include="EffectManager.cpp">
      <Filter>源文件\Manager</Filter>
    </ClCompile>
    <ClCompile Include="EmitterManager.cpp">
      <Filter>源文件\Manager</Filter>
    </ClCompile>
    <ClCompile Include="UnitManager.cpp">
      <Filter>源文件\Manager</Filter>
    </ClCompile>
    <ClCompile Include="Game.cpp">
      <Filter>源文件\Game</Filter>
    </ClCompile>
    <ClCompile Include="Init.cpp">
      <Filter>源文件\Game</Filter>
    </ClCompile>
    <ClCompile Include="Tools.cpp">
      <Filter>源文件</Filter>
    </ClCompile>
    <ClCompile Include="Effect.cpp">
      <Filter>源文件\Effect</Filter>
    </ClCompile>
    <ClCompile Include="BombEffect.cpp">
      <Filter>源文件\Effect</Filter>
    </ClCompile>
    <ClCompile Include="DeathEffect.cpp">
      <Filter>源文件\Effect</Filter>
    </ClCompile>
  </ItemGroup>
  <ItemGroup>
    <None Include="note.md">
      <Filter>资源文件</Filter>
    </None>
  </ItemGroup>
</Project>